
Microsoft Visual Studio Solution File, Format Version 12.00
# Visual Studio Version 17
VisualStudioVersion = 17.10.35013.160
MinimumVisualStudioVersion = 10.0.40219.1
Project("{FAE04EC0-301F-11D3-BF4B-00C04F79EFBC}") = "QuanLyPhongGym", "QuanLyPhongGym\QuanLyPhongGym.csproj", "{131C1520-EB9D-4CDF-8720-ACFF764139F3}"
EndProject
Global
	GlobalSection(SolutionConfigurationPlatforms) = preSolution
		Debug|Any CPU = Debug|Any CPU
		Release|Any CPU = Release|Any CPU
	EndGlobalSection
	GlobalSection(ProjectConfigurationPlatforms) = postSolution
		{131C1520-EB9D-4CDF-8720-ACFF764139F3}.Debug|Any CPU.ActiveCfg = Debug|Any CPU
		{131C1520-EB9D-4CDF-8720-ACFF764139F3}.Debug|Any CPU.Build.0 = Debug|Any CPU
		{131C1520-EB9D-4CDF-8720-ACFF764139F3}.Release|Any CPU.ActiveCfg = Release|Any CPU
		{131C1520-EB9D-4CDF-8720-ACFF764139F3}.Release|Any CPU.Build.0 = Release|Any CPU
	EndGlobalSection
	GlobalSection(SolutionProperties) = preSolution
		HideSolutionNode = FALSE
	EndGlobalSection
	GlobalSection(ExtensibilityGlobals) = postSolution
		SolutionGuid = {4A65C452-2434-43E7-8DC8-C585FB0AE704}
	EndGlobalSection
EndGlobal
